
Microsoft Visual Studio Solution File, Format Version 12.00
# Visual Studio Version 17
VisualStudioVersion = 17.1.32210.238
MinimumVisualStudioVersion = 10.0.40219.1
Project("{2150E333-8FDC-42A3-9474-1A3956D46DE8}") = "src", "src", "{122FD1F0-44E5-4146-ADCD-C548C9A4155D}"
EndProject
Project("{9A19103F-16F7-4668-BE54-9A1E7A4F7556}") = "servicelifetimes.host", "src\servicelifetimes.host\servicelifetimes.host.csproj", "{EC2F12C8-5FF1-4DB1-9BC5-184C5F4A52B2}"
EndProject
Global
	GlobalSection(SolutionConfigurationPlatforms) = preSolution
		Debug|Any CPU = Debug|Any CPU
		Release|Any CPU = Release|Any CPU
	EndGlobalSection
	GlobalSection(ProjectConfigurationPlatforms) = postSolution
		{EC2F12C8-5FF1-4DB1-9BC5-184C5F4A52B2}.Debug|Any CPU.ActiveCfg = Debug|Any CPU
		{EC2F12C8-5FF1-4DB1-9BC5-184C5F4A52B2}.Debug|Any CPU.Build.0 = Debug|Any CPU
		{EC2F12C8-5FF1-4DB1-9BC5-184C5F4A52B2}.Release|Any CPU.ActiveCfg = Release|Any CPU
		{EC2F12C8-5FF1-4DB1-9BC5-184C5F4A52B2}.Release|Any CPU.Build.0 = Release|Any CPU
	EndGlobalSection
	GlobalSection(SolutionProperties) = preSolution
		HideSolutionNode = FALSE
	EndGlobalSection
	GlobalSection(NestedProjects) = preSolution
		{EC2F12C8-5FF1-4DB1-9BC5-184C5F4A52B2} = {122FD1F0-44E5-4146-ADCD-C548C9A4155D}
	EndGlobalSection
	GlobalSection(ExtensibilityGlobals) = postSolution
		SolutionGuid = {AAFC70B0-3606-40D7-BDCC-ECE72C85BAB7}
	EndGlobalSection
EndGlobal
